{
  "lockfile_version": "1",
  "packages": {
    "github:NixOS/nixpkgs/nixpkgs-unstable": {
      "resolved": "github:NixOS/nixpkgs/d9b69c3ec2a2e2e971c534065bdd53374bd68b97?lastModified=1740396192&narHash=sha256-ATMHHrg3sG1KgpQA5x8I%2BzcYpp5Sf17FaFj%2FfN%2B8OoQ%3D"
    },
    "uv@latest": {
      "last_modified": "2024-12-03T12:40:06Z",
      "resolved": "github:NixOS/nixpkgs/566e53c2ad750c84f6d31f9ccb9d00f823165550#uv",
      "source": "devbox-search",
      "version": "0.4.30",
      "systems": {
        "aarch64-darwin": {
          "outputs": [
            {
              "name": "out",
              "path": "/nix/store/kcam2c7p2n7k6kazx8ipy9v93mmp2acd-uv-0.4.30",
              "default": true
            },
            {
              "name": "dist",
              "path": "/nix/store/5yg78vahciiraipg9xbmq3gmncyw4wig-uv-0.4.30-dist"
            }
          ],
          "store_path": "/nix/store/kcam2c7p2n7k6kazx8ipy9v93mmp2acd-uv-0.4.30"
        },
        "aarch64-linux": {
          "outputs": [
            {
              "name": "out",
              "path": "/nix/store/xwmpvkhkxvbibbkfpphijw85l4dxrd6m-uv-0.4.30",
              "default": true
            },
            {
              "name": "dist",
              "path": "/nix/store/i1rvg12ibvdmbnfjdfzi02n273sz659k-uv-0.4.30-dist"
            }
          ],
          "store_path": "/nix/store/xwmpvkhkxvbibbkfpphijw85l4dxrd6m-uv-0.4.30"
        },
        "x86_64-darwin": {
          "outputs": [
            {
              "name": "out",
              "path": "/nix/store/wwnghahh84p3b3f859vsq0l1lcjy2cqj-uv-0.4.30",
              "default": true
            },
            {
              "name": "dist",
              "path": "/nix/store/s042m2w3hk82hg4a1a4m7vzzkw7rdwbi-uv-0.4.30-dist"
            }
          ],
          "store_path": "/nix/store/wwnghahh84p3b3f859vsq0l1lcjy2cqj-uv-0.4.30"
        },
        "x86_64-linux": {
          "outputs": [
            {
              "name": "out",
              "path": "/nix/store/w7cs06nn9vvk8a59nv48y4biv9zzv43x-uv-0.4.30",
              "default": true
            },
            {
              "name": "dist",
              "path": "/nix/store/93m90v0vlxwmz04pia4hj7ni791x65rv-uv-0.4.30-dist"
            }
          ],
          "store_path": "/nix/store/w7cs06nn9vvk8a59nv48y4biv9zzv43x-uv-0.4.30"
        }
      }
    },
    "zsh@latest": {
      "last_modified": "2024-12-26T01:25:00Z",
      "resolved": "github:NixOS/nixpkgs/16e046229f3b4f53257973a5532bcbb72457d2f2#zsh",
      "source": "devbox-search",
      "version": "5.9",
      "systems": {
        "aarch64-darwin": {
          "outputs": [
            {
              "name": "out",
              "path": "/nix/store/v4l4c5spjykdl678rd7l69sxwxk09r5n-zsh-5.9",
              "default": true
            },
            {
              "name": "man",
              "path": "/nix/store/lilxx6vvxhrhlrjkghsijh5147wg7043-zsh-5.9-man",
              "default": true
            },
            {
              "name": "doc",
              "path": "/nix/store/2s5bma9bndpa3jz3y15l3hmb7nsvd15x-zsh-5.9-doc"
            },
            {
              "name": "info",
              "path": "/nix/store/mwkzx8yjhch2dfzdgpk2j4scrla4jb7d-zsh-5.9-info"
            }
          ],
          "store_path": "/nix/store/v4l4c5spjykdl678rd7l69sxwxk09r5n-zsh-5.9"
        },
        "aarch64-linux": {
          "outputs": [
            {
              "name": "out",
              "path": "/nix/store/d621sy4jlvcdpngiqv74q1kas9cqj7z8-zsh-5.9",
              "default": true
            },
            {
              "name": "man",
              "path": "/nix/store/xhbp1n50mj2rpc0mnfvwqalsva5j2j72-zsh-5.9-man",
              "default": true
            },
            {
              "name": "doc",
              "path": "/nix/store/3pi4ivlx9xx71kdzcrybkh3z7xi7645d-zsh-5.9-doc"
            },
            {
              "name": "info",
              "path": "/nix/store/vbs0bnx04gq0k69zdxn1ajmcyi4wpxr5-zsh-5.9-info"
            }
          ],
          "store_path": "/nix/store/d621sy4jlvcdpngiqv74q1kas9cqj7z8-zsh-5.9"
        },
        "x86_64-darwin": {
          "outputs": [
            {
              "name": "out",
              "path": "/nix/store/i72q8jpfisg5h9ixll2zfc1b2p01fc8c-zsh-5.9",
              "default": true
            },
            {
              "name": "man",
              "path": "/nix/store/zkxkjj8nmj25g1jz4b8aa6sv7i1nii6f-zsh-5.9-man",
              "default": true
            },
            {
              "name": "doc",
              "path": "/nix/store/02gwq5f1abi0mjynd6hakhx2h2ba54al-zsh-5.9-doc"
            },
            {
              "name": "info",
              "path": "/nix/store/f6lic2q88mqn3ddgrcjkmdhv1xf1gsgl-zsh-5.9-info"
            }
          ],
          "store_path": "/nix/store/i72q8jpfisg5h9ixll2zfc1b2p01fc8c-zsh-5.9"
        },
        "x86_64-linux": {
          "outputs": [
            {
              "name": "out",
              "path": "/nix/store/fnixl0hxrvm6b8ayp7pb71gk9p25qbsr-zsh-5.9",
              "default": true
            },
            {
              "name": "man",
              "path": "/nix/store/10xhlr2z4wfcjlvm65hvi69i7i62q8bf-zsh-5.9-man",
              "default": true
            },
            {
              "name": "doc",
              "path": "/nix/store/g7n9w9v14ws8x0z846pcs654s0c8smr1-zsh-5.9-doc"
            },
            {
              "name": "info",
              "path": "/nix/store/hg2k3wflvpfp303apl7m6vs57j79gqxw-zsh-5.9-info"
            }
          ],
          "store_path": "/nix/store/fnixl0hxrvm6b8ayp7pb71gk9p25qbsr-zsh-5.9"
        }
      }
    },
    "zunit@latest": {
      "last_modified": "2024-12-03T12:40:06Z",
      "resolved": "github:NixOS/nixpkgs/566e53c2ad750c84f6d31f9ccb9d00f823165550#zunit",
      "source": "devbox-search",
      "version": "0.8.2",
      "systems": {
        "aarch64-darwin": {
          "outputs": [
            {
              "name": "out",
              "path": "/nix/store/qljqs2yyygy196fxpwnajldpghn8gm0k-zunit-0.8.2",
              "default": true
            }
          ],
          "store_path": "/nix/store/qljqs2yyygy196fxpwnajldpghn8gm0k-zunit-0.8.2"
        },
        "aarch64-linux": {
          "outputs": [
            {
              "name": "out",
              "path": "/nix/store/s5cggypxmi36zfb06pw9pp1ynccnxs52-zunit-0.8.2",
              "default": true
            }
          ],
          "store_path": "/nix/store/s5cggypxmi36zfb06pw9pp1ynccnxs52-zunit-0.8.2"
        },
        "x86_64-darwin": {
          "outputs": [
            {
              "name": "out",
              "path": "/nix/store/sdrz4r5zk9bwp9plqqs4wph096pl01wr-zunit-0.8.2",
              "default": true
            }
          ],
          "store_path": "/nix/store/sdrz4r5zk9bwp9plqqs4wph096pl01wr-zunit-0.8.2"
        },
        "x86_64-linux": {
          "outputs": [
            {
              "name": "out",
              "path": "/nix/store/v2lqggc7k0szgm8bj41j3wd709sby89l-zunit-0.8.2",
              "default": true
            }
          ],
          "store_path": "/nix/store/v2lqggc7k0szgm8bj41j3wd709sby89l-zunit-0.8.2"
        }
      }
    }
  }
}
